
Microsoft Visual Studio Solution File, Format Version 12.00
# Visual Studio Version 16
VisualStudioVersion = 16.0.31613.86
MinimumVisualStudioVersion = 10.0.40219.1
Project("{FAE04EC0-301F-11D3-BF4B-00C04F79EFBC}") = "Recount", "Recount.csproj", "{BBE488C3-00D3-4AE2-9B29-E2C77C711313}"
EndProject
Global
	GlobalSection(SolutionConfigurationPlatforms) = preSolution
		Debug|Any CPU = Debug|Any CPU
		Release|Any CPU = Release|Any CPU
	EndGlobalSection
	GlobalSection(ProjectConfigurationPlatforms) = postSolution
		{BBE488C3-00D3-4AE2-9B29-E2C77C711313}.Debug|Any CPU.ActiveCfg = Debug|Any CPU
		{BBE488C3-00D3-4AE2-9B29-E2C77C711313}.Debug|Any CPU.Build.0 = Debug|Any CPU
		{BBE488C3-00D3-4AE2-9B29-E2C77C711313}.Release|Any CPU.ActiveCfg = Release|Any CPU
		{BBE488C3-00D3-4AE2-9B29-E2C77C711313}.Release|Any CPU.Build.0 = Release|Any CPU
	EndGlobalSection
	GlobalSection(SolutionProperties) = preSolution
		HideSolutionNode = FALSE
	EndGlobalSection
	GlobalSection(ExtensibilityGlobals) = postSolution
		SolutionGuid = {B2FFEFDC-FB95-452B-BD15-8B1810450D6C}
	EndGlobalSection
EndGlobal
